
Microsoft Visual Studio Solution File, Format Version 12.00
# Visual Studio Version 16
VisualStudioVersion = 16.0.29709.97
MinimumVisualStudioVersion = 10.0.40219.1
Project("{FAE04EC0-301F-11D3-BF4B-00C04F79EFBC}") = "StarDust.FFMPEG.Wrapper", "StarDust.FFMPEG.Wrapper\StarDust.FFMPEG.Wrapper.csproj", "{CBFFE7D5-C063-448F-8FAC-2505D6D4419E}"
EndProject
Project("{FAE04EC0-301F-11D3-BF4B-00C04F79EFBC}") = "StarDust.FFMPEG.Demo", "StarDust.FFMPEG.Demo\StarDust.FFMPEG.Demo.csproj", "{1AFA73FD-035A-4B20-81CC-0EF99707D6CE}"
EndProject
Global
	GlobalSection(SolutionConfigurationPlatforms) = preSolution
		Debug|Any CPU = Debug|Any CPU
		Release|Any CPU = Release|Any CPU
	EndGlobalSection
	GlobalSection(ProjectConfigurationPlatforms) = postSolution
		{CBFFE7D5-C063-448F-8FAC-2505D6D4419E}.Debug|Any CPU.ActiveCfg = Debug|Any CPU
		{CBFFE7D5-C063-448F-8FAC-2505D6D4419E}.Debug|Any CPU.Build.0 = Debug|Any CPU
		{CBFFE7D5-C063-448F-8FAC-2505D6D4419E}.Release|Any CPU.ActiveCfg = Release|Any CPU
		{CBFFE7D5-C063-448F-8FAC-2505D6D4419E}.Release|Any CPU.Build.0 = Release|Any CPU
		{1AFA73FD-035A-4B20-81CC-0EF99707D6CE}.Debug|Any CPU.ActiveCfg = Debug|Any CPU
		{1AFA73FD-035A-4B20-81CC-0EF99707D6CE}.Debug|Any CPU.Build.0 = Debug|Any CPU
		{1AFA73FD-035A-4B20-81CC-0EF99707D6CE}.Release|Any CPU.ActiveCfg = Release|Any CPU
		{1AFA73FD-035A-4B20-81CC-0EF99707D6CE}.Release|Any CPU.Build.0 = Release|Any CPU
	EndGlobalSection
	GlobalSection(SolutionProperties) = preSolution
		HideSolutionNode = FALSE
	EndGlobalSection
	GlobalSection(ExtensibilityGlobals) = postSolution
		SolutionGuid = {0D8F7FB4-B83B-4DBA-86AE-0DD9D2E87519}
	EndGlobalSection
EndGlobal
